
Microsoft Visual Studio Solution File, Format Version 12.00
# Visual Studio Version 16
VisualStudioVersion = 16.0.31605.320
MinimumVisualStudioVersion = 10.0.40219.1
Project("{9A19103F-16F7-4668-BE54-9A1E7A4F7556}") = "ImageTools.Net", "ImageTools.Net\ImageTools.Net.csproj", "{C0725528-9994-4811-8FDF-B57731B4D573}"
EndProject
Project("{FAE04EC0-301F-11D3-BF4B-00C04F79EFBC}") = "Example.MvcCore", "Example.MvcCore\Example.MvcCore.csproj", "{93821F54-483F-4FCC-A68E-52FD1F58F515}"
EndProject
Global
	GlobalSection(SolutionConfigurationPlatforms) = preSolution
		Debug|Any CPU = Debug|Any CPU
		Release|Any CPU = Release|Any CPU
	EndGlobalSection
	GlobalSection(ProjectConfigurationPlatforms) = postSolution
		{C0725528-9994-4811-8FDF-B57731B4D573}.Debug|Any CPU.ActiveCfg = Debug|Any CPU
		{C0725528-9994-4811-8FDF-B57731B4D573}.Debug|Any CPU.Build.0 = Debug|Any CPU
		{C0725528-9994-4811-8FDF-B57731B4D573}.Release|Any CPU.ActiveCfg = Release|Any CPU
		{C0725528-9994-4811-8FDF-B57731B4D573}.Release|Any CPU.Build.0 = Release|Any CPU
		{93821F54-483F-4FCC-A68E-52FD1F58F515}.Debug|Any CPU.ActiveCfg = Debug|Any CPU
		{93821F54-483F-4FCC-A68E-52FD1F58F515}.Debug|Any CPU.Build.0 = Debug|Any CPU
		{93821F54-483F-4FCC-A68E-52FD1F58F515}.Release|Any CPU.ActiveCfg = Release|Any CPU
		{93821F54-483F-4FCC-A68E-52FD1F58F515}.Release|Any CPU.Build.0 = Release|Any CPU
	EndGlobalSection
	GlobalSection(SolutionProperties) = preSolution
		HideSolutionNode = FALSE
	EndGlobalSection
	GlobalSection(ExtensibilityGlobals) = postSolution
		SolutionGuid = {3AD442FB-49FF-4269-83F9-38AB0BBF5F25}
	EndGlobalSection
EndGlobal
